{
  "name": "restoretime-install-capture",
  "version": "0.1.0",
  "lockfileVersion": 3,
  "requires": true,
  "packages": {
    "": {
      "name": "restoretime-install-capture",
      "version": "0.1.0",
      "dependencies": {
        "@apet97/clockify-addon-sdk": "^1.3.0",
        "clockify-sdk-ts-115": "^5.0.1"
      },
      "engines": {
        "node": ">=22.13.0"
      }
    },
    "node_modules/@apet97/clockify-addon-sdk": {
      "version": "1.3.0",
      "resolved": "https://registry.npmjs.org/@apet97/clockify-addon-sdk/-/clockify-addon-sdk-1.3.0.tgz",
      "integrity": "sha512-zgGcpwJmt9BXNEjpywLrqarN0yKBOEewxjlsl/temvvPCJB8RLV5RVN41MVjZH0jQ6/JjWjV3O9ZJ9RjjfEcKw==",
      "license": "MIT",
      "dependencies": {
        "jose": "^6.2.3"
      },
      "engines": {
        "node": ">=22.13.0"
      },
      "peerDependencies": {
        "express": "^4.17.0 || ^5.0.0"
      },
      "peerDependenciesMeta": {
        "express": {
          "optional": true
        }
      }
    },
    "node_modules/clockify-sdk-ts-115": {
      "version": "5.0.1",
      "resolved": "https://registry.npmjs.org/clockify-sdk-ts-115/-/clockify-sdk-ts-115-5.0.1.tgz",
      "integrity": "sha512-a6H1rINQxEL/liFUzlt6z1qVgzCGd54kN5nVSblcOSJgDDzEbwiKczCIqsZ2+1Dfl8yA8aTMEKtxAwvhyNIeHw==",
      "license": "MIT",
      "engines": {
        "node": ">=22.13.0"
      }
    },
    "node_modules/jose": {
      "version": "6.2.8",
      "resolved": "https://registry.npmjs.org/jose/-/jose-6.2.8.tgz",
      "integrity": "sha512-Bsdjwm3Qsd/P0jR+BHDe3LytDfY7WBq2HmCCLIwuVRHMuEC9ae7/R474GIUdF1NgCyZjzVo/A9DOiOBtXq8ZoQ==",
      "license": "MIT",
      "funding": {
        "url": "https://github.com/sponsors/panva"
      }
    }
  }
}
